
Microsoft Visual Studio Solution File, Format Version 12.00
# Visual Studio 15
Project("{FAE04EC0-301F-11D3-BF4B-00C04F79EFBC}") = "Oculus.Platform", "Oculus.Platform.csproj", "{0B38FED3-52C9-E0AA-2E4E-214C41FE92C9}"
EndProject
Project("{FAE04EC0-301F-11D3-BF4B-00C04F79EFBC}") = "Assembly-CSharp", "Assembly-CSharp.csproj", "{18A227F1-5C0F-ACA8-E1B1-82377BC58276}"
EndProject
Project("{FAE04EC0-301F-11D3-BF4B-00C04F79EFBC}") = "UnityEngine.TestRunner", "UnityEngine.TestRunner.csproj", "{1E8C4D28-84E3-635A-2D3E-09E3540B153E}"
EndProject
Project("{FAE04EC0-301F-11D3-BF4B-00C04F79EFBC}") = "Unity.VisualScripting.Flow", "Unity.VisualScripting.Flow.csproj", "{E81E4950-5C34-2900-0A62-324663B5FB73}"
EndProject
Project("{FAE04EC0-301F-11D3-BF4B-00C04F79EFBC}") = "Meta.WitAi", "Meta.WitAi.csproj", "{E4D283ED-E2AE-FA48-8599-3265FC7EDA7C}"
EndProject
Project("{FAE04EC0-301F-11D3-BF4B-00C04F79EFBC}") = "Oculus.Spatializer", "Oculus.Spatializer.csproj", "{090F56F9-84BD-FB32-C1DA-17413A0C6340}"
EndProject
Project("{FAE04EC0-301F-11D3-BF4B-00C04F79EFBC}") = "Unity.Services.Core.Telemetry", "Unity.Services.Core.Telemetry.csproj", "{5E602E34-23E7-74C9-0ECD-A818ADEAAEDB}"
EndProject
Project("{FAE04EC0-301F-11D3-BF4B-00C04F79EFBC}") = "Unity.VisualScripting.State", "Unity.VisualScripting.State.csproj", "{CECA08A5-1224-38C2-ADB1-45B18BA6B2FE}"
EndProject
Project("{FAE04EC0-301F-11D3-BF4B-00C04F79EFBC}") = "Unity.VisualScripting.Core", "Unity.VisualScripting.Core.csproj", "{E16B9AE8-20EE-32B9-A84E-74692E4ACE96}"
EndProject
Project("{FAE04EC0-301F-11D3-BF4B-00C04F79EFBC}") = "Oculus.Interaction", "Oculus.Interaction.csproj", "{B2AEF023-2352-30B5-D1C8-D36CA9BDCA29}"
EndProject
Project("{FAE04EC0-301F-11D3-BF4B-00C04F79EFBC}") = "UnityEngine.XR.LegacyInputHelpers", "UnityEngine.XR.LegacyInputHelpers.csproj", "{B79D1BC3-18A6-F6ED-CB1F-2BE408B3C296}"
EndProject
Project("{FAE04EC0-301F-11D3-BF4B-00C04F79EFBC}") = "Unity.XR.Oculus", "Unity.XR.Oculus.csproj", "{B3047EE4-B6A0-0CB7-8210-BB9DC8BE341D}"
EndProject
Project("{FAE04EC0-301F-11D3-BF4B-00C04F79EFBC}") = "Unity.Services.Core.Environments.Internal", "Unity.Services.Core.Environments.Internal.csproj", "{9B675B1F-D3A8-DFEE-337E-694A6532CF62}"
EndProject
Project("{FAE04EC0-301F-11D3-BF4B-00C04F79EFBC}") = "Unity.TextMeshPro", "Unity.TextMeshPro.csproj", "{720CA91C-D06F-F125-0C49-8735916B9D3E}"
EndProject
Project("{FAE04EC0-301F-11D3-BF4B-00C04F79EFBC}") = "Unity.Timeline", "Unity.Timeline.csproj", "{72B22DA9-DC08-7644-BE34-A05764194F8E}"
EndProject
Project("{FAE04EC0-301F-11D3-BF4B-00C04F79EFBC}") = "Unity.Services.Core", "Unity.Services.Core.csproj", "{408FDA9E-CE47-0F57-2961-CD3949034B03}"
EndProject
Project("{FAE04EC0-301F-11D3-BF4B-00C04F79EFBC}") = "Oculus.VR", "Oculus.VR.csproj", "{311E6E84-5A28-3AD6-32B7-26CD88267923}"
EndProject
Project("{FAE04EC0-301F-11D3-BF4B-00C04F79EFBC}") = "Oculus.Interaction.OVR.Samples", "Oculus.Interaction.OVR.Samples.csproj", "{A77B3F7D-9E0B-3918-990B-EA7B15D18E59}"
EndProject
Project("{FAE04EC0-301F-11D3-BF4B-00C04F79EFBC}") = "Meta.Voice.Samples.LiveUnderstanding", "Meta.Voice.Samples.LiveUnderstanding.csproj", "{3A0D79A4-D777-FD0A-E72E-BBD683192990}"
EndProject
Project("{FAE04EC0-301F-11D3-BF4B-00C04F79EFBC}") = "VoiceSDK.Dictation.Runtime", "VoiceSDK.Dictation.Runtime.csproj", "{187AFFDD-300C-0BB4-2604-7FC1F1BC8ED8}"
EndProject
Project("{FAE04EC0-301F-11D3-BF4B-00C04F79EFBC}") = "Meta.WitAi.TTS", "Meta.WitAi.TTS.csproj", "{2668C6D5-6037-11AE-C6D2-8EE589BCE30B}"
EndProject
Project("{FAE04EC0-301F-11D3-BF4B-00C04F79EFBC}") = "Unity.Services.Core.Environments", "Unity.Services.Core.Environments.csproj", "{02D35242-95D4-47FD-26D7-03FBA4C502A1}"
EndProject
Project("{FAE04EC0-301F-11D3-BF4B-00C04F79EFBC}") = "Meta.WitAi.Lib", "Meta.WitAi.Lib.csproj", "{A488B1FA-8005-CBA8-F6B1-684E27F750F2}"
EndProject
Project("{FAE04EC0-301F-11D3-BF4B-00C04F79EFBC}") = "Oculus.AudioManager", "Oculus.AudioManager.csproj", "{F631F959-CC9B-FEA0-91CC-D39BFA4DAB67}"
EndProject
Project("{FAE04EC0-301F-11D3-BF4B-00C04F79EFBC}") = "Meta.Voice.Hub.Runtime", "Meta.Voice.Hub.Runtime.csproj", "{1D9AAA82-5F88-EFD1-AA08-8EA48CE5B8F2}"
EndProject
Project("{FAE04EC0-301F-11D3-BF4B-00C04F79EFBC}") = "Unity.Services.Core.Internal", "Unity.Services.Core.Internal.csproj", "{EE1EBD90-0C32-CB08-A173-F94740A7BDF7}"
EndProject
Project("{FAE04EC0-301F-11D3-BF4B-00C04F79EFBC}") = "VoiceSDK.Runtime", "VoiceSDK.Runtime.csproj", "{731DD3F8-0311-6E4F-C7D8-DA3B8D7EFD04}"
EndProject
Project("{FAE04EC0-301F-11D3-BF4B-00C04F79EFBC}") = "Facebook.Wit.Dictation", "Facebook.Wit.Dictation.csproj", "{6DC375A3-DD9C-BE9B-BA1E-B53F9E1C00FD}"
EndProject
Project("{FAE04EC0-301F-11D3-BF4B-00C04F79EFBC}") = "Unity.Services.Core.Analytics", "Unity.Services.Core.Analytics.csproj", "{71E93713-5E9A-FA94-6332-C851251349BF}"
EndProject
Project("{FAE04EC0-301F-11D3-BF4B-00C04F79EFBC}") = "VoiceSDK.Dictation.Samples", "VoiceSDK.Dictation.Samples.csproj", "{459D5501-C2E6-E797-CE34-3E68643D4261}"
EndProject
Project("{FAE04EC0-301F-11D3-BF4B-00C04F79EFBC}") = "Oculus.Interaction.OVR", "Oculus.Interaction.OVR.csproj", "{ACC9D64F-F579-4E72-0C5E-7B44E1A18776}"
EndProject
Project("{FAE04EC0-301F-11D3-BF4B-00C04F79EFBC}") = "AssistantCoreSDKRuntime", "AssistantCoreSDKRuntime.csproj", "{B2EB2430-499B-07FE-77ED-A86AE4587FF7}"
EndProject
Project("{FAE04EC0-301F-11D3-BF4B-00C04F79EFBC}") = "Meta.WitAi.Conduit", "Meta.WitAi.Conduit.csproj", "{95319C46-679E-E5D8-53A2-69357E0A37E8}"
EndProject
Project("{FAE04EC0-301F-11D3-BF4B-00C04F79EFBC}") = "Unity.Services.Core.Scheduler", "Unity.Services.Core.Scheduler.csproj", "{7E4A10D2-0188-43D0-A365-685D7823AFD0}"
EndProject
Project("{FAE04EC0-301F-11D3-BF4B-00C04F79EFBC}") = "Unity.Services.Core.Registration", "Unity.Services.Core.Registration.csproj", "{28DAC447-DF6E-0526-6353-7297DA35CDA0}"
EndProject
Project("{FAE04EC0-301F-11D3-BF4B-00C04F79EFBC}") = "Unity.Services.Core.Device", "Unity.Services.Core.Device.csproj", "{E6CA6DF5-CBEF-1F84-BB1E-3C822A679467}"
EndProject
Project("{FAE04EC0-301F-11D3-BF4B-00C04F79EFBC}") = "Unity.XR.Management", "Unity.XR.Management.csproj", "{6C699000-33B6-89E7-F08D-F7E3934D513D}"
EndProject
Project("{FAE04EC0-301F-11D3-BF4B-00C04F79EFBC}") = "Oculus.LipSync", "Oculus.LipSync.csproj", "{B4305969-7010-0C0B-2B37-1F62FB8C3CD7}"
EndProject
Project("{FAE04EC0-301F-11D3-BF4B-00C04F79EFBC}") = "Unity.Services.Core.Threading", "Unity.Services.Core.Threading.csproj", "{E5D0089F-5648-8F14-ACA6-70928A4DF2D0}"
EndProject
Project("{FAE04EC0-301F-11D3-BF4B-00C04F79EFBC}") = "Unity.Services.Core.Networking", "Unity.Services.Core.Networking.csproj", "{7F80DEB9-5255-3DC4-D812-CF4C16AB60E6}"
EndProject
Project("{FAE04EC0-301F-11D3-BF4B-00C04F79EFBC}") = "Meta.Voice.Samples.Shapes", "Meta.Voice.Samples.Shapes.csproj", "{7AD73904-7273-6148-D6AA-DFEAEEAE6B99}"
EndProject
Project("{FAE04EC0-301F-11D3-BF4B-00C04F79EFBC}") = "Meta.Voice.Samples.TTSVoices", "Meta.Voice.Samples.TTSVoices.csproj", "{E15DCAC9-23AD-B888-E63E-F50454A13C13}"
EndProject
Project("{FAE04EC0-301F-11D3-BF4B-00C04F79EFBC}") = "Meta.VoiceSDK.Mic.Other", "Meta.VoiceSDK.Mic.Other.csproj", "{5168CDA5-0717-BD5B-EE31-23159E2A3F0E}"
EndProject
Project("{FAE04EC0-301F-11D3-BF4B-00C04F79EFBC}") = "Unity.Services.Core.Configuration", "Unity.Services.Core.Configuration.csproj", "{9CFA77FE-942D-6545-C152-78752982F0DB}"
EndProject
Project("{FAE04EC0-301F-11D3-BF4B-00C04F79EFBC}") = "UnityEngine.SpatialTracking", "UnityEngine.SpatialTracking.csproj", "{CF10AF44-BAA9-0B40-EAFC-D201D736CCE6}"
EndProject
Project("{FAE04EC0-301F-11D3-BF4B-00C04F79EFBC}") = "Meta.VoiceSDK.Mic.Common", "Meta.VoiceSDK.Mic.Common.csproj", "{7CDE17EB-A4CF-EA04-EA9D-D91655E4A336}"
EndProject
Project("{FAE04EC0-301F-11D3-BF4B-00C04F79EFBC}") = "Meta.Voice.Samples.Chess", "Meta.Voice.Samples.Chess.csproj", "{900ED526-72AE-2B51-6B43-565F167D7D55}"
EndProject
Project("{FAE04EC0-301F-11D3-BF4B-00C04F79EFBC}") = "Meta.Voice.Samples.ShapesConduit", "Meta.Voice.Samples.ShapesConduit.csproj", "{2B5BF810-2921-DBAB-C8B1-8CCAC4FA57C7}"
EndProject
Project("{FAE04EC0-301F-11D3-BF4B-00C04F79EFBC}") = "Meta.VoiceSDK.Mic.WebGL", "Meta.VoiceSDK.Mic.WebGL.csproj", "{3D7F824C-1E59-B467-BAD8-F529507C03B6}"
EndProject
Project("{FAE04EC0-301F-11D3-BF4B-00C04F79EFBC}") = "Meta.Voice.Samples.BuiltInTimer", "Meta.Voice.Samples.BuiltInTimer.csproj", "{60D8660B-17F8-B470-6F96-2A555F4EE9FA}"
EndProject
Project("{FAE04EC0-301F-11D3-BF4B-00C04F79EFBC}") = "Meta.Voice.Samples.LightTraits", "Meta.Voice.Samples.LightTraits.csproj", "{640816C7-7AA4-D439-76B0-BAAA0B275EC3}"
EndProject
Project("{FAE04EC0-301F-11D3-BF4B-00C04F79EFBC}") = "Unity.PlasticSCM.Editor", "Unity.PlasticSCM.Editor.csproj", "{13C08D63-CEE5-A69F-0D3A-95C201849602}"
EndProject
Project("{FAE04EC0-301F-11D3-BF4B-00C04F79EFBC}") = "Unity.VisualScripting.Core.Editor", "Unity.VisualScripting.Core.Editor.csproj", "{4506AEC4-185D-7604-58E6-8598D6784746}"
EndProject
Project("{FAE04EC0-301F-11D3-BF4B-00C04F79EFBC}") = "Unity.VisualScripting.Flow.Editor", "Unity.VisualScripting.Flow.Editor.csproj", "{FDC6E7C1-BDE7-94FC-2D82-6EFCB5A67882}"
EndProject
Project("{FAE04EC0-301F-11D3-BF4B-00C04F79EFBC}") = "Meta.WitAi.Editor", "Meta.WitAi.Editor.csproj", "{AEA61F4D-B52E-2170-5759-BFD69EE367A7}"
EndProject
Project("{FAE04EC0-301F-11D3-BF4B-00C04F79EFBC}") = "Unity.VisualStudio.Editor", "Unity.VisualStudio.Editor.csproj", "{FF961664-6658-B034-BAD8-3398B83D0D6C}"
EndProject
Project("{FAE04EC0-301F-11D3-BF4B-00C04F79EFBC}") = "Unity.Timeline.Editor", "Unity.Timeline.Editor.csproj", "{094BBBB7-555E-1FE5-2CA9-36B5CDC11CFF}"
EndProject
Project("{FAE04EC0-301F-11D3-BF4B-00C04F79EFBC}") = "Unity.VisualScripting.State.Editor", "Unity.VisualScripting.State.Editor.csproj", "{B2EFC781-7A29-5FAB-1C49-9ED85C616694}"
EndProject
Project("{FAE04EC0-301F-11D3-BF4B-00C04F79EFBC}") = "Unity.TextMeshPro.Editor", "Unity.TextMeshPro.Editor.csproj", "{1F8DF69F-E574-3691-1F35-6A6050ED433B}"
EndProject
Project("{FAE04EC0-301F-11D3-BF4B-00C04F79EFBC}") = "Unity.VisualScripting.SettingsProvider.Editor", "Unity.VisualScripting.SettingsProvider.Editor.csproj", "{5723AD20-8775-2A46-635C-0477A6F8DF0E}"
EndProject
Project("{FAE04EC0-301F-11D3-BF4B-00C04F79EFBC}") = "Unity.CollabProxy.Editor", "Unity.CollabProxy.Editor.csproj", "{D66C53DB-502A-A0FA-4553-43BA1EEFF741}"
EndProject
Project("{FAE04EC0-301F-11D3-BF4B-00C04F79EFBC}") = "UnityEditor.TestRunner", "UnityEditor.TestRunner.csproj", "{8DE1DF7C-6870-372C-CECC-6E5A13EDCDBD}"
EndProject
Project("{FAE04EC0-301F-11D3-BF4B-00C04F79EFBC}") = "Oculus.Interaction.Editor", "Oculus.Interaction.Editor.csproj", "{9A04EDFC-8317-4FDD-A032-515162587D30}"
EndProject
Project("{FAE04EC0-301F-11D3-BF4B-00C04F79EFBC}") = "Unity.Services.Core.Editor", "Unity.Services.Core.Editor.csproj", "{DDD19105-26D9-2250-9380-25555176F858}"
EndProject
Project("{FAE04EC0-301F-11D3-BF4B-00C04F79EFBC}") = "Unity.TestTools.CodeCoverage.Editor", "Unity.TestTools.CodeCoverage.Editor.csproj", "{8FAF4D3F-77D3-F7AC-FA5A-68537C056694}"
EndProject
Project("{FAE04EC0-301F-11D3-BF4B-00C04F79EFBC}") = "Meta.Voice.Hub.Editor", "Meta.Voice.Hub.Editor.csproj", "{530EE918-F417-CE86-1D60-0F5B22A467C6}"
EndProject
Project("{FAE04EC0-301F-11D3-BF4B-00C04F79EFBC}") = "Unity.Rider.Editor", "Unity.Rider.Editor.csproj", "{135FEED6-7562-4548-E904-68EAAB387ABC}"
EndProject
Project("{FAE04EC0-301F-11D3-BF4B-00C04F79EFBC}") = "Meta.WitAI.Lib.Editor", "Meta.WitAI.Lib.Editor.csproj", "{13777935-2C3D-995F-F526-6A1D81F6B732}"
EndProject
Project("{FAE04EC0-301F-11D3-BF4B-00C04F79EFBC}") = "Oculus.VR.Editor", "Oculus.VR.Editor.csproj", "{2CE40537-7945-DB5B-1F9B-BE7615749508}"
EndProject
Project("{FAE04EC0-301F-11D3-BF4B-00C04F79EFBC}") = "Unity.Performance.Profile-Analyzer.Editor", "Unity.Performance.Profile-Analyzer.Editor.csproj", "{6ED9136E-264C-5B45-A062-BC8D59F271D9}"
EndProject
Project("{FAE04EC0-301F-11D3-BF4B-00C04F79EFBC}") = "Meta.WitAi.Conduit.Editor", "Meta.WitAi.Conduit.Editor.csproj", "{2E0BE83D-E50C-192A-65B0-A17415C715C1}"
EndProject
Project("{FAE04EC0-301F-11D3-BF4B-00C04F79EFBC}") = "Unity.XR.Management.Editor", "Unity.XR.Management.Editor.csproj", "{BCD279B1-A961-D097-5DEC-84517AB26F4B}"
EndProject
Project("{FAE04EC0-301F-11D3-BF4B-00C04F79EFBC}") = "Unity.VSCode.Editor", "Unity.VSCode.Editor.csproj", "{698A0A3A-7215-25F2-58E4-7CE42919F6AE}"
EndProject
Project("{FAE04EC0-301F-11D3-BF4B-00C04F79EFBC}") = "Oculus.Interaction.OVR.Editor", "Oculus.Interaction.OVR.Editor.csproj", "{554E84D2-D1C4-0E92-B80C-A6C59487E301}"
EndProject
Project("{FAE04EC0-301F-11D3-BF4B-00C04F79EFBC}") = "Assembly-CSharp-Editor", "Assembly-CSharp-Editor.csproj", "{B6523687-3DBC-4E18-D089-45941C39D71A}"
EndProject
Project("{FAE04EC0-301F-11D3-BF4B-00C04F79EFBC}") = "Unity.TestTools.CodeCoverage.Editor.OpenCover.Model", "Unity.TestTools.CodeCoverage.Editor.OpenCover.Model.csproj", "{D0B9CA37-49CF-DAF4-5FAE-DCC844FA542A}"
EndProject
Project("{FAE04EC0-301F-11D3-BF4B-00C04F79EFBC}") = "Unity.EditorCoroutines.Editor", "Unity.EditorCoroutines.Editor.csproj", "{4FCFDD03-F79E-88A8-B8D7-E7DC5892F434}"
EndProject
Project("{FAE04EC0-301F-11D3-BF4B-00C04F79EFBC}") = "Oculus.Interaction.Samples.Editor", "Oculus.Interaction.Samples.Editor.csproj", "{FC87D312-1E5D-36D5-9C32-F2DC86F6C2B8}"
EndProject
Project("{FAE04EC0-301F-11D3-BF4B-00C04F79EFBC}") = "Oculus.VR.Scripts.Editor", "Oculus.VR.Scripts.Editor.csproj", "{8796D839-1196-D55F-4256-3A78EB20A79B}"
EndProject
Project("{FAE04EC0-301F-11D3-BF4B-00C04F79EFBC}") = "Unity.Settings.Editor", "Unity.Settings.Editor.csproj", "{20A43F82-FDCD-4E34-A534-3E68CF4F2C6C}"
EndProject
Project("{FAE04EC0-301F-11D3-BF4B-00C04F79EFBC}") = "VoiceSDK.Editor", "VoiceSDK.Editor.csproj", "{638ABF22-4011-78DE-564C-8998DB423EC9}"
EndProject
Project("{FAE04EC0-301F-11D3-BF4B-00C04F79EFBC}") = "UnityEditor.SpatialTracking", "UnityEditor.SpatialTracking.csproj", "{26D6334F-1E49-7C43-72DF-0F48AABE74A7}"
EndProject
Project("{FAE04EC0-301F-11D3-BF4B-00C04F79EFBC}") = "Oculus.Spatializer.Editor", "Oculus.Spatializer.Editor.csproj", "{21D8B060-FACF-A64F-2E8A-C7CC1B9A5524}"
EndProject
Project("{FAE04EC0-301F-11D3-BF4B-00C04F79EFBC}") = "Meta.WitAi.TTS.Editor", "Meta.WitAi.TTS.Editor.csproj", "{E7D66398-582E-E9A3-4F86-96202214557F}"
EndProject
Project("{FAE04EC0-301F-11D3-BF4B-00C04F79EFBC}") = "Facebook.Wit.Dictation.Editor", "Facebook.Wit.Dictation.Editor.csproj", "{D55596DE-5003-9FE2-7080-116DBAA63E72}"
EndProject
Project("{FAE04EC0-301F-11D3-BF4B-00C04F79EFBC}") = "Unity.Services.Core.Configuration.Editor", "Unity.Services.Core.Configuration.Editor.csproj", "{262CCC35-8507-741A-7D7E-70668497A51B}"
EndProject
Project("{FAE04EC0-301F-11D3-BF4B-00C04F79EFBC}") = "VoiceSDK.Dictation.Editor", "VoiceSDK.Dictation.Editor.csproj", "{7C2A76FA-E10A-12D2-68FF-A1AE910C18EB}"
EndProject
Project("{FAE04EC0-301F-11D3-BF4B-00C04F79EFBC}") = "UnityEditor.XR.LegacyInputHelpers", "UnityEditor.XR.LegacyInputHelpers.csproj", "{2A026BAD-C8C4-E9CD-55D3-D4F8D4D50539}"
EndProject
Project("{FAE04EC0-301F-11D3-BF4B-00C04F79EFBC}") = "Oculus.Platform.Editor", "Oculus.Platform.Editor.csproj", "{BE75E0B7-412D-4BD6-0B54-F5262E4768E9}"
EndProject
Project("{FAE04EC0-301F-11D3-BF4B-00C04F79EFBC}") = "Unity.XR.Oculus.Editor", "Unity.XR.Oculus.Editor.csproj", "{C3E5B0B1-34C5-3C02-59EB-E4C951DB4E70}"
EndProject
Project("{FAE04EC0-301F-11D3-BF4B-00C04F79EFBC}") = "Oculus.AudioManager.Audio.Editor", "Oculus.AudioManager.Audio.Editor.csproj", "{6A5E07A4-19C4-6117-F6AB-820D7257BE74}"
EndProject
Project("{FAE04EC0-301F-11D3-BF4B-00C04F79EFBC}") = "Oculus.Interaction.InterfaceSupport", "Oculus.Interaction.InterfaceSupport.csproj", "{DE0E7787-8E6F-831C-7FE3-F32DDA70F24D}"
EndProject
Project("{FAE04EC0-301F-11D3-BF4B-00C04F79EFBC}") = "Oculus.LipSync.Editor", "Oculus.LipSync.Editor.csproj", "{643390E9-1C5D-3506-4E62-0446B16F25E6}"
EndProject
Project("{FAE04EC0-301F-11D3-BF4B-00C04F79EFBC}") = "Meta.Voice.VSDKHub.Editor", "Meta.Voice.VSDKHub.Editor.csproj", "{29C3A494-00CF-7F85-A508-A9202E2E6B44}"
EndProject
Project("{FAE04EC0-301F-11D3-BF4B-00C04F79EFBC}") = "Unity.TestTools.CodeCoverage.Editor.OpenCover.Mono.Reflection", "Unity.TestTools.CodeCoverage.Editor.OpenCover.Mono.Reflection.csproj", "{57FFA21D-E693-57BE-E141-6ACE180FEE0F}"
EndProject
Project("{FAE04EC0-301F-11D3-BF4B-00C04F79EFBC}") = "Unity.VisualScripting.Shared.Editor", "Unity.VisualScripting.Shared.Editor.csproj", "{EC5D99EE-DA1E-DCBD-8641-A74DFCA6164A}"
EndProject
Project("{FAE04EC0-301F-11D3-BF4B-00C04F79EFBC}") = "AssistantCoreSDKEditor", "AssistantCoreSDKEditor.csproj", "{4FD1CE91-FDA3-7624-7E91-EB1F44D31A2A}"
EndProject
Project("{FAE04EC0-301F-11D3-BF4B-00C04F79EFBC}") = "Oculus.AudioManager.Utils.Editor", "Oculus.AudioManager.Utils.Editor.csproj", "{0BBAB0F7-912C-A967-39D2-8C1BA599E725}"
EndProject
Global
	GlobalSection(SolutionConfigurationPlatforms) = preSolution
		Debug|Any CPU = Debug|Any CPU
		Release|Any CPU = Release|Any CPU
	EndGlobalSection
	GlobalSection(ProjectConfigurationPlatforms) = postSolution
		{0B38FED3-52C9-E0AA-2E4E-214C41FE92C9}.Debug|Any CPU.ActiveCfg = Debug|Any CPU
		{0B38FED3-52C9-E0AA-2E4E-214C41FE92C9}.Debug|Any CPU.Build.0 = Debug|Any CPU
		{0B38FED3-52C9-E0AA-2E4E-214C41FE92C9}.Release|Any CPU.ActiveCfg = Release|Any CPU
		{0B38FED3-52C9-E0AA-2E4E-214C41FE92C9}.Release|Any CPU.Build.0 = Release|Any CPU
		{18A227F1-5C0F-ACA8-E1B1-82377BC58276}.Debug|Any CPU.ActiveCfg = Debug|Any CPU
		{18A227F1-5C0F-ACA8-E1B1-82377BC58276}.Debug|Any CPU.Build.0 = Debug|Any CPU
		{18A227F1-5C0F-ACA8-E1B1-82377BC58276}.Release|Any CPU.ActiveCfg = Release|Any CPU
		{18A227F1-5C0F-ACA8-E1B1-82377BC58276}.Release|Any CPU.Build.0 = Release|Any CPU
		{1E8C4D28-84E3-635A-2D3E-09E3540B153E}.Debug|Any CPU.ActiveCfg = Debug|Any CPU
		{1E8C4D28-84E3-635A-2D3E-09E3540B153E}.Debug|Any CPU.Build.0 = Debug|Any CPU
		{1E8C4D28-84E3-635A-2D3E-09E3540B153E}.Release|Any CPU.ActiveCfg = Release|Any CPU
		{1E8C4D28-84E3-635A-2D3E-09E3540B153E}.Release|Any CPU.Build.0 = Release|Any CPU
		{E81E4950-5C34-2900-0A62-324663B5FB73}.Debug|Any CPU.ActiveCfg = Debug|Any CPU
		{E81E4950-5C34-2900-0A62-324663B5FB73}.Debug|Any CPU.Build.0 = Debug|Any CPU
		{E81E4950-5C34-2900-0A62-324663B5FB73}.Release|Any CPU.ActiveCfg = Release|Any CPU
		{E81E4950-5C34-2900-0A62-324663B5FB73}.Release|Any CPU.Build.0 = Release|Any CPU
		{E4D283ED-E2AE-FA48-8599-3265FC7EDA7C}.Debug|Any CPU.ActiveCfg = Debug|Any CPU
		{E4D283ED-E2AE-FA48-8599-3265FC7EDA7C}.Debug|Any CPU.Build.0 = Debug|Any CPU
		{E4D283ED-E2AE-FA48-8599-3265FC7EDA7C}.Release|Any CPU.ActiveCfg = Release|Any CPU
		{E4D283ED-E2AE-FA48-8599-3265FC7EDA7C}.Release|Any CPU.Build.0 = Release|Any CPU
		{090F56F9-84BD-FB32-C1DA-17413A0C6340}.Debug|Any CPU.ActiveCfg = Debug|Any CPU
		{090F56F9-84BD-FB32-C1DA-17413A0C6340}.Debug|Any CPU.Build.0 = Debug|Any CPU
		{090F56F9-84BD-FB32-C1DA-17413A0C6340}.Release|Any CPU.ActiveCfg = Release|Any CPU
		{090F56F9-84BD-FB32-C1DA-17413A0C6340}.Release|Any CPU.Build.0 = Release|Any CPU
		{5E602E34-23E7-74C9-0ECD-A818ADEAAEDB}.Debug|Any CPU.ActiveCfg = Debug|Any CPU
		{5E602E34-23E7-74C9-0ECD-A818ADEAAEDB}.Debug|Any CPU.Build.0 = Debug|Any CPU
		{5E602E34-23E7-74C9-0ECD-A818ADEAAEDB}.Release|Any CPU.ActiveCfg = Release|Any CPU
		{5E602E34-23E7-74C9-0ECD-A818ADEAAEDB}.Release|Any CPU.Build.0 = Release|Any CPU
		{CECA08A5-1224-38C2-ADB1-45B18BA6B2FE}.Debug|Any CPU.ActiveCfg = Debug|Any CPU
		{CECA08A5-1224-38C2-ADB1-45B18BA6B2FE}.Debug|Any CPU.Build.0 = Debug|Any CPU
		{CECA08A5-1224-38C2-ADB1-45B18BA6B2FE}.Release|Any CPU.ActiveCfg = Release|Any CPU
		{CECA08A5-1224-38C2-ADB1-45B18BA6B2FE}.Release|Any CPU.Build.0 = Release|Any CPU
		{E16B9AE8-20EE-32B9-A84E-74692E4ACE96}.Debug|Any CPU.ActiveCfg = Debug|Any CPU
		{E16B9AE8-20EE-32B9-A84E-74692E4ACE96}.Debug|Any CPU.Build.0 = Debug|Any CPU
		{E16B9AE8-20EE-32B9-A84E-74692E4ACE96}.Release|Any CPU.ActiveCfg = Release|Any CPU
		{E16B9AE8-20EE-32B9-A84E-74692E4ACE96}.Release|Any CPU.Build.0 = Release|Any CPU
		{B2AEF023-2352-30B5-D1C8-D36CA9BDCA29}.Debug|Any CPU.ActiveCfg = Debug|Any CPU
		{B2AEF023-2352-30B5-D1C8-D36CA9BDCA29}.Debug|Any CPU.Build.0 = Debug|Any CPU
		{B2AEF023-2352-30B5-D1C8-D36CA9BDCA29}.Release|Any CPU.ActiveCfg = Release|Any CPU
		{B2AEF023-2352-30B5-D1C8-D36CA9BDCA29}.Release|Any CPU.Build.0 = Release|Any CPU
		{B79D1BC3-18A6-F6ED-CB1F-2BE408B3C296}.Debug|Any CPU.ActiveCfg = Debug|Any CPU
		{B79D1BC3-18A6-F6ED-CB1F-2BE408B3C296}.Debug|Any CPU.Build.0 = Debug|Any CPU
		{B79D1BC3-18A6-F6ED-CB1F-2BE408B3C296}.Release|Any CPU.ActiveCfg = Release|Any CPU
		{B79D1BC3-18A6-F6ED-CB1F-2BE408B3C296}.Release|Any CPU.Build.0 = Release|Any CPU
		{B3047EE4-B6A0-0CB7-8210-BB9DC8BE341D}.Debug|Any CPU.ActiveCfg = Debug|Any CPU
		{B3047EE4-B6A0-0CB7-8210-BB9DC8BE341D}.Debug|Any CPU.Build.0 = Debug|Any CPU
		{B3047EE4-B6A0-0CB7-8210-BB9DC8BE341D}.Release|Any CPU.ActiveCfg = Release|Any CPU
		{B3047EE4-B6A0-0CB7-8210-BB9DC8BE341D}.Release|Any CPU.Build.0 = Release|Any CPU
		{9B675B1F-D3A8-DFEE-337E-694A6532CF62}.Debug|Any CPU.ActiveCfg = Debug|Any CPU
		{9B675B1F-D3A8-DFEE-337E-694A6532CF62}.Debug|Any CPU.Build.0 = Debug|Any CPU
		{9B675B1F-D3A8-DFEE-337E-694A6532CF62}.Release|Any CPU.ActiveCfg = Release|Any CPU
		{9B675B1F-D3A8-DFEE-337E-694A6532CF62}.Release|Any CPU.Build.0 = Release|Any CPU
		{720CA91C-D06F-F125-0C49-8735916B9D3E}.Debug|Any CPU.ActiveCfg = Debug|Any CPU
		{720CA91C-D06F-F125-0C49-8735916B9D3E}.Debug|Any CPU.Build.0 = Debug|Any CPU
		{720CA91C-D06F-F125-0C49-8735916B9D3E}.Release|Any CPU.ActiveCfg = Release|Any CPU
		{720CA91C-D06F-F125-0C49-8735916B9D3E}.Release|Any CPU.Build.0 = Release|Any CPU
		{72B22DA9-DC08-7644-BE34-A05764194F8E}.Debug|Any CPU.ActiveCfg = Debug|Any CPU
		{72B22DA9-DC08-7644-BE34-A05764194F8E}.Debug|Any CPU.Build.0 = Debug|Any CPU
		{72B22DA9-DC08-7644-BE34-A05764194F8E}.Release|Any CPU.ActiveCfg = Release|Any CPU
		{72B22DA9-DC08-7644-BE34-A05764194F8E}.Release|Any CPU.Build.0 = Release|Any CPU
		{408FDA9E-CE47-0F57-2961-CD3949034B03}.Debug|Any CPU.ActiveCfg = Debug|Any CPU
		{408FDA9E-CE47-0F57-2961-CD3949034B03}.Debug|Any CPU.Build.0 = Debug|Any CPU
		{408FDA9E-CE47-0F57-2961-CD3949034B03}.Release|Any CPU.ActiveCfg = Release|Any CPU
		{408FDA9E-CE47-0F57-2961-CD3949034B03}.Release|Any CPU.Build.0 = Release|Any CPU
		{311E6E84-5A28-3AD6-32B7-26CD88267923}.Debug|Any CPU.ActiveCfg = Debug|Any CPU
		{311E6E84-5A28-3AD6-32B7-26CD88267923}.Debug|Any CPU.Build.0 = Debug|Any CPU
		{311E6E84-5A28-3AD6-32B7-26CD88267923}.Release|Any CPU.ActiveCfg = Release|Any CPU
		{311E6E84-5A28-3AD6-32B7-26CD88267923}.Release|Any CPU.Build.0 = Release|Any CPU
		{A77B3F7D-9E0B-3918-990B-EA7B15D18E59}.Debug|Any CPU.ActiveCfg = Debug|Any CPU
		{A77B3F7D-9E0B-3918-990B-EA7B15D18E59}.Debug|Any CPU.Build.0 = Debug|Any CPU
		{A77B3F7D-9E0B-3918-990B-EA7B15D18E59}.Release|Any CPU.ActiveCfg = Release|Any CPU
		{A77B3F7D-9E0B-3918-990B-EA7B15D18E59}.Release|Any CPU.Build.0 = Release|Any CPU
		{3A0D79A4-D777-FD0A-E72E-BBD683192990}.Debug|Any CPU.ActiveCfg = Debug|Any CPU
		{3A0D79A4-D777-FD0A-E72E-BBD683192990}.Debug|Any CPU.Build.0 = Debug|Any CPU
		{3A0D79A4-D777-FD0A-E72E-BBD683192990}.Release|Any CPU.ActiveCfg = Release|Any CPU
		{3A0D79A4-D777-FD0A-E72E-BBD683192990}.Release|Any CPU.Build.0 = Release|Any CPU
		{187AFFDD-300C-0BB4-2604-7FC1F1BC8ED8}.Debug|Any CPU.ActiveCfg = Debug|Any CPU
		{187AFFDD-300C-0BB4-2604-7FC1F1BC8ED8}.Debug|Any CPU.Build.0 = Debug|Any CPU
		{187AFFDD-300C-0BB4-2604-7FC1F1BC8ED8}.Release|Any CPU.ActiveCfg = Release|Any CPU
		{187AFFDD-300C-0BB4-2604-7FC1F1BC8ED8}.Release|Any CPU.Build.0 = Release|Any CPU
		{2668C6D5-6037-11AE-C6D2-8EE589BCE30B}.Debug|Any CPU.ActiveCfg = Debug|Any CPU
		{2668C6D5-6037-11AE-C6D2-8EE589BCE30B}.Debug|Any CPU.Build.0 = Debug|Any CPU
		{2668C6D5-6037-11AE-C6D2-8EE589BCE30B}.Release|Any CPU.ActiveCfg = Release|Any CPU
		{2668C6D5-6037-11AE-C6D2-8EE589BCE30B}.Release|Any CPU.Build.0 = Release|Any CPU
		{02D35242-95D4-47FD-26D7-03FBA4C502A1}.Debug|Any CPU.ActiveCfg = Debug|Any CPU
		{02D35242-95D4-47FD-26D7-03FBA4C502A1}.Debug|Any CPU.Build.0 = Debug|Any CPU
		{02D35242-95D4-47FD-26D7-03FBA4C502A1}.Release|Any CPU.ActiveCfg = Release|Any CPU
		{02D35242-95D4-47FD-26D7-03FBA4C502A1}.Release|Any CPU.Build.0 = Release|Any CPU
		{A488B1FA-8005-CBA8-F6B1-684E27F750F2}.Debug|Any CPU.ActiveCfg = Debug|Any CPU
		{A488B1FA-8005-CBA8-F6B1-684E27F750F2}.Debug|Any CPU.Build.0 = Debug|Any CPU
		{A488B1FA-8005-CBA8-F6B1-684E27F750F2}.Release|Any CPU.ActiveCfg = Release|Any CPU
		{A488B1FA-8005-CBA8-F6B1-684E27F750F2}.Release|Any CPU.Build.0 = Release|Any CPU
		{F631F959-CC9B-FEA0-91CC-D39BFA4DAB67}.Debug|Any CPU.ActiveCfg = Debug|Any CPU
		{F631F959-CC9B-FEA0-91CC-D39BFA4DAB67}.Debug|Any CPU.Build.0 = Debug|Any CPU
		{F631F959-CC9B-FEA0-91CC-D39BFA4DAB67}.Release|Any CPU.ActiveCfg = Release|Any CPU
		{F631F959-CC9B-FEA0-91CC-D39BFA4DAB67}.Release|Any CPU.Build.0 = Release|Any CPU
		{1D9AAA82-5F88-EFD1-AA08-8EA48CE5B8F2}.Debug|Any CPU.ActiveCfg = Debug|Any CPU
		{1D9AAA82-5F88-EFD1-AA08-8EA48CE5B8F2}.Debug|Any CPU.Build.0 = Debug|Any CPU
		{1D9AAA82-5F88-EFD1-AA08-8EA48CE5B8F2}.Release|Any CPU.ActiveCfg = Release|Any CPU
		{1D9AAA82-5F88-EFD1-AA08-8EA48CE5B8F2}.Release|Any CPU.Build.0 = Release|Any CPU
		{EE1EBD90-0C32-CB08-A173-F94740A7BDF7}.Debug|Any CPU.ActiveCfg = Debug|Any CPU
		{EE1EBD90-0C32-CB08-A173-F94740A7BDF7}.Debug|Any CPU.Build.0 = Debug|Any CPU
		{EE1EBD90-0C32-CB08-A173-F94740A7BDF7}.Release|Any CPU.ActiveCfg = Release|Any CPU
		{EE1EBD90-0C32-CB08-A173-F94740A7BDF7}.Release|Any CPU.Build.0 = Release|Any CPU
		{731DD3F8-0311-6E4F-C7D8-DA3B8D7EFD04}.Debug|Any CPU.ActiveCfg = Debug|Any CPU
		{731DD3F8-0311-6E4F-C7D8-DA3B8D7EFD04}.Debug|Any CPU.Build.0 = Debug|Any CPU
		{731DD3F8-0311-6E4F-C7D8-DA3B8D7EFD04}.Release|Any CPU.ActiveCfg = Release|Any CPU
		{731DD3F8-0311-6E4F-C7D8-DA3B8D7EFD04}.Release|Any CPU.Build.0 = Release|Any CPU
		{6DC375A3-DD9C-BE9B-BA1E-B53F9E1C00FD}.Debug|Any CPU.ActiveCfg = Debug|Any CPU
		{6DC375A3-DD9C-BE9B-BA1E-B53F9E1C00FD}.Debug|Any CPU.Build.0 = Debug|Any CPU
		{6DC375A3-DD9C-BE9B-BA1E-B53F9E1C00FD}.Release|Any CPU.ActiveCfg = Release|Any CPU
		{6DC375A3-DD9C-BE9B-BA1E-B53F9E1C00FD}.Release|Any CPU.Build.0 = Release|Any CPU
		{71E93713-5E9A-FA94-6332-C851251349BF}.Debug|Any CPU.ActiveCfg = Debug|Any CPU
		{71E93713-5E9A-FA94-6332-C851251349BF}.Debug|Any CPU.Build.0 = Debug|Any CPU
		{71E93713-5E9A-FA94-6332-C851251349BF}.Release|Any CPU.ActiveCfg = Release|Any CPU
		{71E93713-5E9A-FA94-6332-C851251349BF}.Release|Any CPU.Build.0 = Release|Any CPU
		{459D5501-C2E6-E797-CE34-3E68643D4261}.Debug|Any CPU.ActiveCfg = Debug|Any CPU
		{459D5501-C2E6-E797-CE34-3E68643D4261}.Debug|Any CPU.Build.0 = Debug|Any CPU
		{459D5501-C2E6-E797-CE34-3E68643D4261}.Release|Any CPU.ActiveCfg = Release|Any CPU
		{459D5501-C2E6-E797-CE34-3E68643D4261}.Release|Any CPU.Build.0 = Release|Any CPU
		{ACC9D64F-F579-4E72-0C5E-7B44E1A18776}.Debug|Any CPU.ActiveCfg = Debug|Any CPU
		{ACC9D64F-F579-4E72-0C5E-7B44E1A18776}.Debug|Any CPU.Build.0 = Debug|Any CPU
		{ACC9D64F-F579-4E72-0C5E-7B44E1A18776}.Release|Any CPU.ActiveCfg = Release|Any CPU
		{ACC9D64F-F579-4E72-0C5E-7B44E1A18776}.Release|Any CPU.Build.0 = Release|Any CPU
		{B2EB2430-499B-07FE-77ED-A86AE4587FF7}.Debug|Any CPU.ActiveCfg = Debug|Any CPU
		{B2EB2430-499B-07FE-77ED-A86AE4587FF7}.Debug|Any CPU.Build.0 = Debug|Any CPU
		{B2EB2430-499B-07FE-77ED-A86AE4587FF7}.Release|Any CPU.ActiveCfg = Release|Any CPU
		{B2EB2430-499B-07FE-77ED-A86AE4587FF7}.Release|Any CPU.Build.0 = Release|Any CPU
		{95319C46-679E-E5D8-53A2-69357E0A37E8}.Debug|Any CPU.ActiveCfg = Debug|Any CPU
		{95319C46-679E-E5D8-53A2-69357E0A37E8}.Debug|Any CPU.Build.0 = Debug|Any CPU
		{95319C46-679E-E5D8-53A2-69357E0A37E8}.Release|Any CPU.ActiveCfg = Release|Any CPU
		{95319C46-679E-E5D8-53A2-69357E0A37E8}.Release|Any CPU.Build.0 = Release|Any CPU
		{7E4A10D2-0188-43D0-A365-685D7823AFD0}.Debug|Any CPU.ActiveCfg = Debug|Any CPU
		{7E4A10D2-0188-43D0-A365-685D7823AFD0}.Debug|Any CPU.Build.0 = Debug|Any CPU
		{7E4A10D2-0188-43D0-A365-685D7823AFD0}.Release|Any CPU.ActiveCfg = Release|Any CPU
		{7E4A10D2-0188-43D0-A365-685D7823AFD0}.Release|Any CPU.Build.0 = Release|Any CPU
		{28DAC447-DF6E-0526-6353-7297DA35CDA0}.Debug|Any CPU.ActiveCfg = Debug|Any CPU
		{28DAC447-DF6E-0526-6353-7297DA35CDA0}.Debug|Any CPU.Build.0 = Debug|Any CPU
		{28DAC447-DF6E-0526-6353-7297DA35CDA0}.Release|Any CPU.ActiveCfg = Release|Any CPU
		{28DAC447-DF6E-0526-6353-7297DA35CDA0}.Release|Any CPU.Build.0 = Release|Any CPU
		{E6CA6DF5-CBEF-1F84-BB1E-3C822A679467}.Debug|Any CPU.ActiveCfg = Debug|Any CPU
		{E6CA6DF5-CBEF-1F84-BB1E-3C822A679467}.Debug|Any CPU.Build.0 = Debug|Any CPU
		{E6CA6DF5-CBEF-1F84-BB1E-3C822A679467}.Release|Any CPU.ActiveCfg = Release|Any CPU
		{E6CA6DF5-CBEF-1F84-BB1E-3C822A679467}.Release|Any CPU.Build.0 = Release|Any CPU
		{6C699000-33B6-89E7-F08D-F7E3934D513D}.Debug|Any CPU.ActiveCfg = Debug|Any CPU
		{6C699000-33B6-89E7-F08D-F7E3934D513D}.Debug|Any CPU.Build.0 = Debug|Any CPU
		{6C699000-33B6-89E7-F08D-F7E3934D513D}.Release|Any CPU.ActiveCfg = Release|Any CPU
		{6C699000-33B6-89E7-F08D-F7E3934D513D}.Release|Any CPU.Build.0 = Release|Any CPU
		{B4305969-7010-0C0B-2B37-1F62FB8C3CD7}.Debug|Any CPU.ActiveCfg = Debug|Any CPU
		{B4305969-7010-0C0B-2B37-1F62FB8C3CD7}.Debug|Any CPU.Build.0 = Debug|Any CPU
		{B4305969-7010-0C0B-2B37-1F62FB8C3CD7}.Release|Any CPU.ActiveCfg = Release|Any CPU
		{B4305969-7010-0C0B-2B37-1F62FB8C3CD7}.Release|Any CPU.Build.0 = Release|Any CPU
		{E5D0089F-5648-8F14-ACA6-70928A4DF2D0}.Debug|Any CPU.ActiveCfg = Debug|Any CPU
		{E5D0089F-5648-8F14-ACA6-70928A4DF2D0}.Debug|Any CPU.Build.0 = Debug|Any CPU
		{E5D0089F-5648-8F14-ACA6-70928A4DF2D0}.Release|Any CPU.ActiveCfg = Release|Any CPU
		{E5D0089F-5648-8F14-ACA6-70928A4DF2D0}.Release|Any CPU.Build.0 = Release|Any CPU
		{7F80DEB9-5255-3DC4-D812-CF4C16AB60E6}.Debug|Any CPU.ActiveCfg = Debug|Any CPU
		{7F80DEB9-5255-3DC4-D812-CF4C16AB60E6}.Debug|Any CPU.Build.0 = Debug|Any CPU
		{7F80DEB9-5255-3DC4-D812-CF4C16AB60E6}.Release|Any CPU.ActiveCfg = Release|Any CPU
		{7F80DEB9-5255-3DC4-D812-CF4C16AB60E6}.Release|Any CPU.Build.0 = Release|Any CPU
		{7AD73904-7273-6148-D6AA-DFEAEEAE6B99}.Debug|Any CPU.ActiveCfg = Debug|Any CPU
		{7AD73904-7273-6148-D6AA-DFEAEEAE6B99}.Debug|Any CPU.Build.0 = Debug|Any CPU
		{7AD73904-7273-6148-D6AA-DFEAEEAE6B99}.Release|Any CPU.ActiveCfg = Release|Any CPU
		{7AD73904-7273-6148-D6AA-DFEAEEAE6B99}.Release|Any CPU.Build.0 = Release|Any CPU
		{E15DCAC9-23AD-B888-E63E-F50454A13C13}.Debug|Any CPU.ActiveCfg = Debug|Any CPU
		{E15DCAC9-23AD-B888-E63E-F50454A13C13}.Debug|Any CPU.Build.0 = Debug|Any CPU
		{E15DCAC9-23AD-B888-E63E-F50454A13C13}.Release|Any CPU.ActiveCfg = Release|Any CPU
		{E15DCAC9-23AD-B888-E63E-F50454A13C13}.Release|Any CPU.Build.0 = Release|Any CPU
		{5168CDA5-0717-BD5B-EE31-23159E2A3F0E}.Debug|Any CPU.ActiveCfg = Debug|Any CPU
		{5168CDA5-0717-BD5B-EE31-23159E2A3F0E}.Debug|Any CPU.Build.0 = Debug|Any CPU
		{5168CDA5-0717-BD5B-EE31-23159E2A3F0E}.Release|Any CPU.ActiveCfg = Release|Any CPU
		{5168CDA5-0717-BD5B-EE31-23159E2A3F0E}.Release|Any CPU.Build.0 = Release|Any CPU
		{9CFA77FE-942D-6545-C152-78752982F0DB}.Debug|Any CPU.ActiveCfg = Debug|Any CPU
		{9CFA77FE-942D-6545-C152-78752982F0DB}.Debug|Any CPU.Build.0 = Debug|Any CPU
		{9CFA77FE-942D-6545-C152-78752982F0DB}.Release|Any CPU.ActiveCfg = Release|Any CPU
		{9CFA77FE-942D-6545-C152-78752982F0DB}.Release|Any CPU.Build.0 = Release|Any CPU
		{CF10AF44-BAA9-0B40-EAFC-D201D736CCE6}.Debug|Any CPU.ActiveCfg = Debug|Any CPU
		{CF10AF44-BAA9-0B40-EAFC-D201D736CCE6}.Debug|Any CPU.Build.0 = Debug|Any CPU
		{CF10AF44-BAA9-0B40-EAFC-D201D736CCE6}.Release|Any CPU.ActiveCfg = Release|Any CPU
		{CF10AF44-BAA9-0B40-EAFC-D201D736CCE6}.Release|Any CPU.Build.0 = Release|Any CPU
		{7CDE17EB-A4CF-EA04-EA9D-D91655E4A336}.Debug|Any CPU.ActiveCfg = Debug|Any CPU
		{7CDE17EB-A4CF-EA04-EA9D-D91655E4A336}.Debug|Any CPU.Build.0 = Debug|Any CPU
		{7CDE17EB-A4CF-EA04-EA9D-D91655E4A336}.Release|Any CPU.ActiveCfg = Release|Any CPU
		{7CDE17EB-A4CF-EA04-EA9D-D91655E4A336}.Release|Any CPU.Build.0 = Release|Any CPU
		{900ED526-72AE-2B51-6B43-565F167D7D55}.Debug|Any CPU.ActiveCfg = Debug|Any CPU
		{900ED526-72AE-2B51-6B43-565F167D7D55}.Debug|Any CPU.Build.0 = Debug|Any CPU
		{900ED526-72AE-2B51-6B43-565F167D7D55}.Release|Any CPU.ActiveCfg = Release|Any CPU
		{900ED526-72AE-2B51-6B43-565F167D7D55}.Release|Any CPU.Build.0 = Release|Any CPU
		{2B5BF810-2921-DBAB-C8B1-8CCAC4FA57C7}.Debug|Any CPU.ActiveCfg = Debug|Any CPU
		{2B5BF810-2921-DBAB-C8B1-8CCAC4FA57C7}.Debug|Any CPU.Build.0 = Debug|Any CPU
		{2B5BF810-2921-DBAB-C8B1-8CCAC4FA57C7}.Release|Any CPU.ActiveCfg = Release|Any CPU
		{2B5BF810-2921-DBAB-C8B1-8CCAC4FA57C7}.Release|Any CPU.Build.0 = Release|Any CPU
		{3D7F824C-1E59-B467-BAD8-F529507C03B6}.Debug|Any CPU.ActiveCfg = Debug|Any CPU
		{3D7F824C-1E59-B467-BAD8-F529507C03B6}.Debug|Any CPU.Build.0 = Debug|Any CPU
		{3D7F824C-1E59-B467-BAD8-F529507C03B6}.Release|Any CPU.ActiveCfg = Release|Any CPU
		{3D7F824C-1E59-B467-BAD8-F529507C03B6}.Release|Any CPU.Build.0 = Release|Any CPU
		{60D8660B-17F8-B470-6F96-2A555F4EE9FA}.Debug|Any CPU.ActiveCfg = Debug|Any CPU
		{60D8660B-17F8-B470-6F96-2A555F4EE9FA}.Debug|Any CPU.Build.0 = Debug|Any CPU
		{60D8660B-17F8-B470-6F96-2A555F4EE9FA}.Release|Any CPU.ActiveCfg = Release|Any CPU
		{60D8660B-17F8-B470-6F96-2A555F4EE9FA}.Release|Any CPU.Build.0 = Release|Any CPU
		{640816C7-7AA4-D439-76B0-BAAA0B275EC3}.Debug|Any CPU.ActiveCfg = Debug|Any CPU
		{640816C7-7AA4-D439-76B0-BAAA0B275EC3}.Debug|Any CPU.Build.0 = Debug|Any CPU
		{640816C7-7AA4-D439-76B0-BAAA0B275EC3}.Release|Any CPU.ActiveCfg = Release|Any CPU
		{640816C7-7AA4-D439-76B0-BAAA0B275EC3}.Release|Any CPU.Build.0 = Release|Any CPU
		{13C08D63-CEE5-A69F-0D3A-95C201849602}.Debug|Any CPU.ActiveCfg = Debug|Any CPU
		{13C08D63-CEE5-A69F-0D3A-95C201849602}.Debug|Any CPU.Build.0 = Debug|Any CPU
		{13C08D63-CEE5-A69F-0D3A-95C201849602}.Release|Any CPU.ActiveCfg = Release|Any CPU
		{13C08D63-CEE5-A69F-0D3A-95C201849602}.Release|Any CPU.Build.0 = Release|Any CPU
		{4506AEC4-185D-7604-58E6-8598D6784746}.Debug|Any CPU.ActiveCfg = Debug|Any CPU
		{4506AEC4-185D-7604-58E6-8598D6784746}.Debug|Any CPU.Build.0 = Debug|Any CPU
		{4506AEC4-185D-7604-58E6-8598D6784746}.Release|Any CPU.ActiveCfg = Release|Any CPU
		{4506AEC4-185D-7604-58E6-8598D6784746}.Release|Any CPU.Build.0 = Release|Any CPU
		{FDC6E7C1-BDE7-94FC-2D82-6EFCB5A67882}.Debug|Any CPU.ActiveCfg = Debug|Any CPU
		{FDC6E7C1-BDE7-94FC-2D82-6EFCB5A67882}.Debug|Any CPU.Build.0 = Debug|Any CPU
		{FDC6E7C1-BDE7-94FC-2D82-6EFCB5A67882}.Release|Any CPU.ActiveCfg = Release|Any CPU
		{FDC6E7C1-BDE7-94FC-2D82-6EFCB5A67882}.Release|Any CPU.Build.0 = Release|Any CPU
		{AEA61F4D-B52E-2170-5759-BFD69EE367A7}.Debug|Any CPU.ActiveCfg = Debug|Any CPU
		{AEA61F4D-B52E-2170-5759-BFD69EE367A7}.Debug|Any CPU.Build.0 = Debug|Any CPU
		{AEA61F4D-B52E-2170-5759-BFD69EE367A7}.Release|Any CPU.ActiveCfg = Release|Any CPU
		{AEA61F4D-B52E-2170-5759-BFD69EE367A7}.Release|Any CPU.Build.0 = Release|Any CPU
		{FF961664-6658-B034-BAD8-3398B83D0D6C}.Debug|Any CPU.ActiveCfg = Debug|Any CPU
		{FF961664-6658-B034-BAD8-3398B83D0D6C}.Debug|Any CPU.Build.0 = Debug|Any CPU
		{FF961664-6658-B034-BAD8-3398B83D0D6C}.Release|Any CPU.ActiveCfg = Release|Any CPU
		{FF961664-6658-B034-BAD8-3398B83D0D6C}.Release|Any CPU.Build.0 = Release|Any CPU
		{094BBBB7-555E-1FE5-2CA9-36B5CDC11CFF}.Debug|Any CPU.ActiveCfg = Debug|Any CPU
		{094BBBB7-555E-1FE5-2CA9-36B5CDC11CFF}.Debug|Any CPU.Build.0 = Debug|Any CPU
		{094BBBB7-555E-1FE5-2CA9-36B5CDC11CFF}.Release|Any CPU.ActiveCfg = Release|Any CPU
		{094BBBB7-555E-1FE5-2CA9-36B5CDC11CFF}.Release|Any CPU.Build.0 = Release|Any CPU
		{B2EFC781-7A29-5FAB-1C49-9ED85C616694}.Debug|Any CPU.ActiveCfg = Debug|Any CPU
		{B2EFC781-7A29-5FAB-1C49-9ED85C616694}.Debug|Any CPU.Build.0 = Debug|Any CPU
		{B2EFC781-7A29-5FAB-1C49-9ED85C616694}.Release|Any CPU.ActiveCfg = Release|Any CPU
		{B2EFC781-7A29-5FAB-1C49-9ED85C616694}.Release|Any CPU.Build.0 = Release|Any CPU
		{1F8DF69F-E574-3691-1F35-6A6050ED433B}.Debug|Any CPU.ActiveCfg = Debug|Any CPU
		{1F8DF69F-E574-3691-1F35-6A6050ED433B}.Debug|Any CPU.Build.0 = Debug|Any CPU
		{1F8DF69F-E574-3691-1F35-6A6050ED433B}.Release|Any CPU.ActiveCfg = Release|Any CPU
		{1F8DF69F-E574-3691-1F35-6A6050ED433B}.Release|Any CPU.Build.0 = Release|Any CPU
		{5723AD20-8775-2A46-635C-0477A6F8DF0E}.Debug|Any CPU.ActiveCfg = Debug|Any CPU
		{5723AD20-8775-2A46-635C-0477A6F8DF0E}.Debug|Any CPU.Build.0 = Debug|Any CPU
		{5723AD20-8775-2A46-635C-0477A6F8DF0E}.Release|Any CPU.ActiveCfg = Release|Any CPU
		{5723AD20-8775-2A46-635C-0477A6F8DF0E}.Release|Any CPU.Build.0 = Release|Any CPU
		{D66C53DB-502A-A0FA-4553-43BA1EEFF741}.Debug|Any CPU.ActiveCfg = Debug|Any CPU
		{D66C53DB-502A-A0FA-4553-43BA1EEFF741}.Debug|Any CPU.Build.0 = Debug|Any CPU
		{D66C53DB-502A-A0FA-4553-43BA1EEFF741}.Release|Any CPU.ActiveCfg = Release|Any CPU
		{D66C53DB-502A-A0FA-4553-43BA1EEFF741}.Release|Any CPU.Build.0 = Release|Any CPU
		{8DE1DF7C-6870-372C-CECC-6E5A13EDCDBD}.Debug|Any CPU.ActiveCfg = Debug|Any CPU
		{8DE1DF7C-6870-372C-CECC-6E5A13EDCDBD}.Debug|Any CPU.Build.0 = Debug|Any CPU
		{8DE1DF7C-6870-372C-CECC-6E5A13EDCDBD}.Release|Any CPU.ActiveCfg = Release|Any CPU
		{8DE1DF7C-6870-372C-CECC-6E5A13EDCDBD}.Release|Any CPU.Build.0 = Release|Any CPU
		{9A04EDFC-8317-4FDD-A032-515162587D30}.Debug|Any CPU.ActiveCfg = Debug|Any CPU
		{9A04EDFC-8317-4FDD-A032-515162587D30}.Debug|Any CPU.Build.0 = Debug|Any CPU
		{9A04EDFC-8317-4FDD-A032-515162587D30}.Release|Any CPU.ActiveCfg = Release|Any CPU
		{9A04EDFC-8317-4FDD-A032-515162587D30}.Release|Any CPU.Build.0 = Release|Any CPU
		{DDD19105-26D9-2250-9380-25555176F858}.Debug|Any CPU.ActiveCfg = Debug|Any CPU
		{DDD19105-26D9-2250-9380-25555176F858}.Debug|Any CPU.Build.0 = Debug|Any CPU
		{DDD19105-26D9-2250-9380-25555176F858}.Release|Any CPU.ActiveCfg = Release|Any CPU
		{DDD19105-26D9-2250-9380-25555176F858}.Release|Any CPU.Build.0 = Release|Any CPU
		{8FAF4D3F-77D3-F7AC-FA5A-68537C056694}.Debug|Any CPU.ActiveCfg = Debug|Any CPU
		{8FAF4D3F-77D3-F7AC-FA5A-68537C056694}.Debug|Any CPU.Build.0 = Debug|Any CPU
		{8FAF4D3F-77D3-F7AC-FA5A-68537C056694}.Release|Any CPU.ActiveCfg = Release|Any CPU
		{8FAF4D3F-77D3-F7AC-FA5A-68537C056694}.Release|Any CPU.Build.0 = Release|Any CPU
		{530EE918-F417-CE86-1D60-0F5B22A467C6}.Debug|Any CPU.ActiveCfg = Debug|Any CPU
		{530EE918-F417-CE86-1D60-0F5B22A467C6}.Debug|Any CPU.Build.0 = Debug|Any CPU
		{530EE918-F417-CE86-1D60-0F5B22A467C6}.Release|Any CPU.ActiveCfg = Release|Any CPU
		{530EE918-F417-CE86-1D60-0F5B22A467C6}.Release|Any CPU.Build.0 = Release|Any CPU
		{135FEED6-7562-4548-E904-68EAAB387ABC}.Debug|Any CPU.ActiveCfg = Debug|Any CPU
		{135FEED6-7562-4548-E904-68EAAB387ABC}.Debug|Any CPU.Build.0 = Debug|Any CPU
		{135FEED6-7562-4548-E904-68EAAB387ABC}.Release|Any CPU.ActiveCfg = Release|Any CPU
		{135FEED6-7562-4548-E904-68EAAB387ABC}.Release|Any CPU.Build.0 = Release|Any CPU
		{13777935-2C3D-995F-F526-6A1D81F6B732}.Debug|Any CPU.ActiveCfg = Debug|Any CPU
		{13777935-2C3D-995F-F526-6A1D81F6B732}.Debug|Any CPU.Build.0 = Debug|Any CPU
		{13777935-2C3D-995F-F526-6A1D81F6B732}.Release|Any CPU.ActiveCfg = Release|Any CPU
		{13777935-2C3D-995F-F526-6A1D81F6B732}.Release|Any CPU.Build.0 = Release|Any CPU
		{2CE40537-7945-DB5B-1F9B-BE7615749508}.Debug|Any CPU.ActiveCfg = Debug|Any CPU
		{2CE40537-7945-DB5B-1F9B-BE7615749508}.Debug|Any CPU.Build.0 = Debug|Any CPU
		{2CE40537-7945-DB5B-1F9B-BE7615749508}.Release|Any CPU.ActiveCfg = Release|Any CPU
		{2CE40537-7945-DB5B-1F9B-BE7615749508}.Release|Any CPU.Build.0 = Release|Any CPU
		{6ED9136E-264C-5B45-A062-BC8D59F271D9}.Debug|Any CPU.ActiveCfg = Debug|Any CPU
		{6ED9136E-264C-5B45-A062-BC8D59F271D9}.Debug|Any CPU.Build.0 = Debug|Any CPU
		{6ED9136E-264C-5B45-A062-BC8D59F271D9}.Release|Any CPU.ActiveCfg = Release|Any CPU
		{6ED9136E-264C-5B45-A062-BC8D59F271D9}.Release|Any CPU.Build.0 = Release|Any CPU
		{2E0BE83D-E50C-192A-65B0-A17415C715C1}.Debug|Any CPU.ActiveCfg = Debug|Any CPU
		{2E0BE83D-E50C-192A-65B0-A17415C715C1}.Debug|Any CPU.Build.0 = Debug|Any CPU
		{2E0BE83D-E50C-192A-65B0-A17415C715C1}.Release|Any CPU.ActiveCfg = Release|Any CPU
		{2E0BE83D-E50C-192A-65B0-A17415C715C1}.Release|Any CPU.Build.0 = Release|Any CPU
		{BCD279B1-A961-D097-5DEC-84517AB26F4B}.Debug|Any CPU.ActiveCfg = Debug|Any CPU
		{BCD279B1-A961-D097-5DEC-84517AB26F4B}.Debug|Any CPU.Build.0 = Debug|Any CPU
		{BCD279B1-A961-D097-5DEC-84517AB26F4B}.Release|Any CPU.ActiveCfg = Release|Any CPU
		{BCD279B1-A961-D097-5DEC-84517AB26F4B}.Release|Any CPU.Build.0 = Release|Any CPU
		{698A0A3A-7215-25F2-58E4-7CE42919F6AE}.Debug|Any CPU.ActiveCfg = Debug|Any CPU
		{698A0A3A-7215-25F2-58E4-7CE42919F6AE}.Debug|Any CPU.Build.0 = Debug|Any CPU
		{698A0A3A-7215-25F2-58E4-7CE42919F6AE}.Release|Any CPU.ActiveCfg = Release|Any CPU
		{698A0A3A-7215-25F2-58E4-7CE42919F6AE}.Release|Any CPU.Build.0 = Release|Any CPU
		{554E84D2-D1C4-0E92-B80C-A6C59487E301}.Debug|Any CPU.ActiveCfg = Debug|Any CPU
		{554E84D2-D1C4-0E92-B80C-A6C59487E301}.Debug|Any CPU.Build.0 = Debug|Any CPU
		{554E84D2-D1C4-0E92-B80C-A6C59487E301}.Release|Any CPU.ActiveCfg = Release|Any CPU
		{554E84D2-D1C4-0E92-B80C-A6C59487E301}.Release|Any CPU.Build.0 = Release|Any CPU
		{B6523687-3DBC-4E18-D089-45941C39D71A}.Debug|Any CPU.ActiveCfg = Debug|Any CPU
		{B6523687-3DBC-4E18-D089-45941C39D71A}.Debug|Any CPU.Build.0 = Debug|Any CPU
		{B6523687-3DBC-4E18-D089-45941C39D71A}.Release|Any CPU.ActiveCfg = Release|Any CPU
		{B6523687-3DBC-4E18-D089-45941C39D71A}.Release|Any CPU.Build.0 = Release|Any CPU
		{D0B9CA37-49CF-DAF4-5FAE-DCC844FA542A}.Debug|Any CPU.ActiveCfg = Debug|Any CPU
		{D0B9CA37-49CF-DAF4-5FAE-DCC844FA542A}.Debug|Any CPU.Build.0 = Debug|Any CPU
		{D0B9CA37-49CF-DAF4-5FAE-DCC844FA542A}.Release|Any CPU.ActiveCfg = Release|Any CPU
		{D0B9CA37-49CF-DAF4-5FAE-DCC844FA542A}.Release|Any CPU.Build.0 = Release|Any CPU
		{4FCFDD03-F79E-88A8-B8D7-E7DC5892F434}.Debug|Any CPU.ActiveCfg = Debug|Any CPU
		{4FCFDD03-F79E-88A8-B8D7-E7DC5892F434}.Debug|Any CPU.Build.0 = Debug|Any CPU
		{4FCFDD03-F79E-88A8-B8D7-E7DC5892F434}.Release|Any CPU.ActiveCfg = Release|Any CPU
		{4FCFDD03-F79E-88A8-B8D7-E7DC5892F434}.Release|Any CPU.Build.0 = Release|Any CPU
		{FC87D312-1E5D-36D5-9C32-F2DC86F6C2B8}.Debug|Any CPU.ActiveCfg = Debug|Any CPU
		{FC87D312-1E5D-36D5-9C32-F2DC86F6C2B8}.Debug|Any CPU.Build.0 = Debug|Any CPU
		{FC87D312-1E5D-36D5-9C32-F2DC86F6C2B8}.Release|Any CPU.ActiveCfg = Release|Any CPU
		{FC87D312-1E5D-36D5-9C32-F2DC86F6C2B8}.Release|Any CPU.Build.0 = Release|Any CPU
		{8796D839-1196-D55F-4256-3A78EB20A79B}.Debug|Any CPU.ActiveCfg = Debug|Any CPU
		{8796D839-1196-D55F-4256-3A78EB20A79B}.Debug|Any CPU.Build.0 = Debug|Any CPU
		{8796D839-1196-D55F-4256-3A78EB20A79B}.Release|Any CPU.ActiveCfg = Release|Any CPU
		{8796D839-1196-D55F-4256-3A78EB20A79B}.Release|Any CPU.Build.0 = Release|Any CPU
		{20A43F82-FDCD-4E34-A534-3E68CF4F2C6C}.Debug|Any CPU.ActiveCfg = Debug|Any CPU
		{20A43F82-FDCD-4E34-A534-3E68CF4F2C6C}.Debug|Any CPU.Build.0 = Debug|Any CPU
		{20A43F82-FDCD-4E34-A534-3E68CF4F2C6C}.Release|Any CPU.ActiveCfg = Release|Any CPU
		{20A43F82-FDCD-4E34-A534-3E68CF4F2C6C}.Release|Any CPU.Build.0 = Release|Any CPU
		{638ABF22-4011-78DE-564C-8998DB423EC9}.Debug|Any CPU.ActiveCfg = Debug|Any CPU
		{638ABF22-4011-78DE-564C-8998DB423EC9}.Debug|Any CPU.Build.0 = Debug|Any CPU
		{638ABF22-4011-78DE-564C-8998DB423EC9}.Release|Any CPU.ActiveCfg = Release|Any CPU
		{638ABF22-4011-78DE-564C-8998DB423EC9}.Release|Any CPU.Build.0 = Release|Any CPU
		{26D6334F-1E49-7C43-72DF-0F48AABE74A7}.Debug|Any CPU.ActiveCfg = Debug|Any CPU
		{26D6334F-1E49-7C43-72DF-0F48AABE74A7}.Debug|Any CPU.Build.0 = Debug|Any CPU
		{26D6334F-1E49-7C43-72DF-0F48AABE74A7}.Release|Any CPU.ActiveCfg = Release|Any CPU
		{26D6334F-1E49-7C43-72DF-0F48AABE74A7}.Release|Any CPU.Build.0 = Release|Any CPU
		{21D8B060-FACF-A64F-2E8A-C7CC1B9A5524}.Debug|Any CPU.ActiveCfg = Debug|Any CPU
		{21D8B060-FACF-A64F-2E8A-C7CC1B9A5524}.Debug|Any CPU.Build.0 = Debug|Any CPU
		{21D8B060-FACF-A64F-2E8A-C7CC1B9A5524}.Release|Any CPU.ActiveCfg = Release|Any CPU
		{21D8B060-FACF-A64F-2E8A-C7CC1B9A5524}.Release|Any CPU.Build.0 = Release|Any CPU
		{E7D66398-582E-E9A3-4F86-96202214557F}.Debug|Any CPU.ActiveCfg = Debug|Any CPU
		{E7D66398-582E-E9A3-4F86-96202214557F}.Debug|Any CPU.Build.0 = Debug|Any CPU
		{E7D66398-582E-E9A3-4F86-96202214557F}.Release|Any CPU.ActiveCfg = Release|Any CPU
		{E7D66398-582E-E9A3-4F86-96202214557F}.Release|Any CPU.Build.0 = Release|Any CPU
		{D55596DE-5003-9FE2-7080-116DBAA63E72}.Debug|Any CPU.ActiveCfg = Debug|Any CPU
		{D55596DE-5003-9FE2-7080-116DBAA63E72}.Debug|Any CPU.Build.0 = Debug|Any CPU
		{D55596DE-5003-9FE2-7080-116DBAA63E72}.Release|Any CPU.ActiveCfg = Release|Any CPU
		{D55596DE-5003-9FE2-7080-116DBAA63E72}.Release|Any CPU.Build.0 = Release|Any CPU
		{262CCC35-8507-741A-7D7E-70668497A51B}.Debug|Any CPU.ActiveCfg = Debug|Any CPU
		{262CCC35-8507-741A-7D7E-70668497A51B}.Debug|Any CPU.Build.0 = Debug|Any CPU
		{262CCC35-8507-741A-7D7E-70668497A51B}.Release|Any CPU.ActiveCfg = Release|Any CPU
		{262CCC35-8507-741A-7D7E-70668497A51B}.Release|Any CPU.Build.0 = Release|Any CPU
		{7C2A76FA-E10A-12D2-68FF-A1AE910C18EB}.Debug|Any CPU.ActiveCfg = Debug|Any CPU
		{7C2A76FA-E10A-12D2-68FF-A1AE910C18EB}.Debug|Any CPU.Build.0 = Debug|Any CPU
		{7C2A76FA-E10A-12D2-68FF-A1AE910C18EB}.Release|Any CPU.ActiveCfg = Release|Any CPU
		{7C2A76FA-E10A-12D2-68FF-A1AE910C18EB}.Release|Any CPU.Build.0 = Release|Any CPU
		{2A026BAD-C8C4-E9CD-55D3-D4F8D4D50539}.Debug|Any CPU.ActiveCfg = Debug|Any CPU
		{2A026BAD-C8C4-E9CD-55D3-D4F8D4D50539}.Debug|Any CPU.Build.0 = Debug|Any CPU
		{2A026BAD-C8C4-E9CD-55D3-D4F8D4D50539}.Release|Any CPU.ActiveCfg = Release|Any CPU
		{2A026BAD-C8C4-E9CD-55D3-D4F8D4D50539}.Release|Any CPU.Build.0 = Release|Any CPU
		{BE75E0B7-412D-4BD6-0B54-F5262E4768E9}.Debug|Any CPU.ActiveCfg = Debug|Any CPU
		{BE75E0B7-412D-4BD6-0B54-F5262E4768E9}.Debug|Any CPU.Build.0 = Debug|Any CPU
		{BE75E0B7-412D-4BD6-0B54-F5262E4768E9}.Release|Any CPU.ActiveCfg = Release|Any CPU
		{BE75E0B7-412D-4BD6-0B54-F5262E4768E9}.Release|Any CPU.Build.0 = Release|Any CPU
		{C3E5B0B1-34C5-3C02-59EB-E4C951DB4E70}.Debug|Any CPU.ActiveCfg = Debug|Any CPU
		{C3E5B0B1-34C5-3C02-59EB-E4C951DB4E70}.Debug|Any CPU.Build.0 = Debug|Any CPU
		{C3E5B0B1-34C5-3C02-59EB-E4C951DB4E70}.Release|Any CPU.ActiveCfg = Release|Any CPU
		{C3E5B0B1-34C5-3C02-59EB-E4C951DB4E70}.Release|Any CPU.Build.0 = Release|Any CPU
		{6A5E07A4-19C4-6117-F6AB-820D7257BE74}.Debug|Any CPU.ActiveCfg = Debug|Any CPU
		{6A5E07A4-19C4-6117-F6AB-820D7257BE74}.Debug|Any CPU.Build.0 = Debug|Any CPU
		{6A5E07A4-19C4-6117-F6AB-820D7257BE74}.Release|Any CPU.ActiveCfg = Release|Any CPU
		{6A5E07A4-19C4-6117-F6AB-820D7257BE74}.Release|Any CPU.Build.0 = Release|Any CPU
		{DE0E7787-8E6F-831C-7FE3-F32DDA70F24D}.Debug|Any CPU.ActiveCfg = Debug|Any CPU
		{DE0E7787-8E6F-831C-7FE3-F32DDA70F24D}.Debug|Any CPU.Build.0 = Debug|Any CPU
		{DE0E7787-8E6F-831C-7FE3-F32DDA70F24D}.Release|Any CPU.ActiveCfg = Release|Any CPU
		{DE0E7787-8E6F-831C-7FE3-F32DDA70F24D}.Release|Any CPU.Build.0 = Release|Any CPU
		{643390E9-1C5D-3506-4E62-0446B16F25E6}.Debug|Any CPU.ActiveCfg = Debug|Any CPU
		{643390E9-1C5D-3506-4E62-0446B16F25E6}.Debug|Any CPU.Build.0 = Debug|Any CPU
		{643390E9-1C5D-3506-4E62-0446B16F25E6}.Release|Any CPU.ActiveCfg = Release|Any CPU
		{643390E9-1C5D-3506-4E62-0446B16F25E6}.Release|Any CPU.Build.0 = Release|Any CPU
		{29C3A494-00CF-7F85-A508-A9202E2E6B44}.Debug|Any CPU.ActiveCfg = Debug|Any CPU
		{29C3A494-00CF-7F85-A508-A9202E2E6B44}.Debug|Any CPU.Build.0 = Debug|Any CPU
		{29C3A494-00CF-7F85-A508-A9202E2E6B44}.Release|Any CPU.ActiveCfg = Release|Any CPU
		{29C3A494-00CF-7F85-A508-A9202E2E6B44}.Release|Any CPU.Build.0 = Release|Any CPU
		{57FFA21D-E693-57BE-E141-6ACE180FEE0F}.Debug|Any CPU.ActiveCfg = Debug|Any CPU
		{57FFA21D-E693-57BE-E141-6ACE180FEE0F}.Debug|Any CPU.Build.0 = Debug|Any CPU
		{57FFA21D-E693-57BE-E141-6ACE180FEE0F}.Release|Any CPU.ActiveCfg = Release|Any CPU
		{57FFA21D-E693-57BE-E141-6ACE180FEE0F}.Release|Any CPU.Build.0 = Release|Any CPU
		{EC5D99EE-DA1E-DCBD-8641-A74DFCA6164A}.Debug|Any CPU.ActiveCfg = Debug|Any CPU
		{EC5D99EE-DA1E-DCBD-8641-A74DFCA6164A}.Debug|Any CPU.Build.0 = Debug|Any CPU
		{EC5D99EE-DA1E-DCBD-8641-A74DFCA6164A}.Release|Any CPU.ActiveCfg = Release|Any CPU
		{EC5D99EE-DA1E-DCBD-8641-A74DFCA6164A}.Release|Any CPU.Build.0 = Release|Any CPU
		{4FD1CE91-FDA3-7624-7E91-EB1F44D31A2A}.Debug|Any CPU.ActiveCfg = Debug|Any CPU
		{4FD1CE91-FDA3-7624-7E91-EB1F44D31A2A}.Debug|Any CPU.Build.0 = Debug|Any CPU
		{4FD1CE91-FDA3-7624-7E91-EB1F44D31A2A}.Release|Any CPU.ActiveCfg = Release|Any CPU
		{4FD1CE91-FDA3-7624-7E91-EB1F44D31A2A}.Release|Any CPU.Build.0 = Release|Any CPU
		{0BBAB0F7-912C-A967-39D2-8C1BA599E725}.Debug|Any CPU.ActiveCfg = Debug|Any CPU
		{0BBAB0F7-912C-A967-39D2-8C1BA599E725}.Debug|Any CPU.Build.0 = Debug|Any CPU
		{0BBAB0F7-912C-A967-39D2-8C1BA599E725}.Release|Any CPU.ActiveCfg = Release|Any CPU
		{0BBAB0F7-912C-A967-39D2-8C1BA599E725}.Release|Any CPU.Build.0 = Release|Any CPU
	EndGlobalSection
	GlobalSection(SolutionProperties) = preSolution
		HideSolutionNode = FALSE
	EndGlobalSection
EndGlobal
